
Microsoft Visual Studio Solution File, Format Version 12.00
# Visual Studio Version 17
VisualStudioVersion = 17.0.31903.59
MinimumVisualStudioVersion = 10.0.40219.1
Project("{FAE04EC0-301F-11D3-BF4B-00C04F79EFBC}") = "KtHub.Api", "KtHub.Api\KtHub.Api.csproj", "{E9CFA006-06B4-4536-B78B-B4B88A9ED04C}"
EndProject
Project("{FAE04EC0-301F-11D3-BF4B-00C04F79EFBC}") = "KtHub.Application", "KtHub.Application\KtHub.Application.csproj", "{2D95B586-68D0-4BB5-8F56-80454878F496}"
EndProject
Project("{FAE04EC0-301F-11D3-BF4B-00C04F79EFBC}") = "KtHub.Contracts", "KtHub.Contracts\KtHub.Contracts.csproj", "{DA769F91-809A-4050-AF0C-EF3D2938E0B2}"
EndProject
Project("{FAE04EC0-301F-11D3-BF4B-00C04F79EFBC}") = "KtHub.Domain", "KtHub.Domain\KtHub.Domain.csproj", "{E4B702C3-EF23-40BF-9AE6-49A68C3E5B11}"
EndProject
Project("{FAE04EC0-301F-11D3-BF4B-00C04F79EFBC}") = "KtHub.Infrastructure", "KtHub.Infrastructure\KtHub.Infrastructure.csproj", "{EE7BD6DE-F509-4467-A401-03224FE86F52}"
EndProject
Global
	GlobalSection(SolutionConfigurationPlatforms) = preSolution
		Debug|Any CPU = Debug|Any CPU
		Release|Any CPU = Release|Any CPU
	EndGlobalSection
	GlobalSection(SolutionProperties) = preSolution
		HideSolutionNode = FALSE
	EndGlobalSection
	GlobalSection(ProjectConfigurationPlatforms) = postSolution
		{E9CFA006-06B4-4536-B78B-B4B88A9ED04C}.Debug|Any CPU.ActiveCfg = Debug|Any CPU
		{E9CFA006-06B4-4536-B78B-B4B88A9ED04C}.Debug|Any CPU.Build.0 = Debug|Any CPU
		{E9CFA006-06B4-4536-B78B-B4B88A9ED04C}.Release|Any CPU.ActiveCfg = Release|Any CPU
		{E9CFA006-06B4-4536-B78B-B4B88A9ED04C}.Release|Any CPU.Build.0 = Release|Any CPU
		{2D95B586-68D0-4BB5-8F56-80454878F496}.Debug|Any CPU.ActiveCfg = Debug|Any CPU
		{2D95B586-68D0-4BB5-8F56-80454878F496}.Debug|Any CPU.Build.0 = Debug|Any CPU
		{2D95B586-68D0-4BB5-8F56-80454878F496}.Release|Any CPU.ActiveCfg = Release|Any CPU
		{2D95B586-68D0-4BB5-8F56-80454878F496}.Release|Any CPU.Build.0 = Release|Any CPU
		{DA769F91-809A-4050-AF0C-EF3D2938E0B2}.Debug|Any CPU.ActiveCfg = Debug|Any CPU
		{DA769F91-809A-4050-AF0C-EF3D2938E0B2}.Debug|Any CPU.Build.0 = Debug|Any CPU
		{DA769F91-809A-4050-AF0C-EF3D2938E0B2}.Release|Any CPU.ActiveCfg = Release|Any CPU
		{DA769F91-809A-4050-AF0C-EF3D2938E0B2}.Release|Any CPU.Build.0 = Release|Any CPU
		{E4B702C3-EF23-40BF-9AE6-49A68C3E5B11}.Debug|Any CPU.ActiveCfg = Debug|Any CPU
		{E4B702C3-EF23-40BF-9AE6-49A68C3E5B11}.Debug|Any CPU.Build.0 = Debug|Any CPU
		{E4B702C3-EF23-40BF-9AE6-49A68C3E5B11}.Release|Any CPU.ActiveCfg = Release|Any CPU
		{E4B702C3-EF23-40BF-9AE6-49A68C3E5B11}.Release|Any CPU.Build.0 = Release|Any CPU
		{EE7BD6DE-F509-4467-A401-03224FE86F52}.Debug|Any CPU.ActiveCfg = Debug|Any CPU
		{EE7BD6DE-F509-4467-A401-03224FE86F52}.Debug|Any CPU.Build.0 = Debug|Any CPU
		{EE7BD6DE-F509-4467-A401-03224FE86F52}.Release|Any CPU.ActiveCfg = Release|Any CPU
		{EE7BD6DE-F509-4467-A401-03224FE86F52}.Release|Any CPU.Build.0 = Release|Any CPU
	EndGlobalSection
EndGlobal
